
Microsoft Visual Studio Solution File, Format Version 12.00
# Visual Studio Version 16
VisualStudioVersion = 16.0.30204.51
MinimumVisualStudioVersion = 10.0.40219.1
Project("{FAE04EC0-301F-11D3-BF4B-00C04F79EFBC}") = "CrawlerFunctions", "CrawlerFunctions\CrawlerFunctions.csproj", "{6FC27DD2-9371-40D4-A07A-7FDBC1B599FB}"
EndProject
Project("{FAE04EC0-301F-11D3-BF4B-00C04F79EFBC}") = "Crawl-foodpantries.org", "Crawl-foodpantries.org\Crawl-foodpantries.org.csproj", "{D2E0794B-EC6E-465C-9FA5-A5433A7CAADC}"
EndProject
Global
	GlobalSection(SolutionConfigurationPlatforms) = preSolution
		Debug|Any CPU = Debug|Any CPU
		Release|Any CPU = Release|Any CPU
	EndGlobalSection
	GlobalSection(ProjectConfigurationPlatforms) = postSolution
		{6FC27DD2-9371-40D4-A07A-7FDBC1B599FB}.Debug|Any CPU.ActiveCfg = Debug|Any CPU
		{6FC27DD2-9371-40D4-A07A-7FDBC1B599FB}.Debug|Any CPU.Build.0 = Debug|Any CPU
		{6FC27DD2-9371-40D4-A07A-7FDBC1B599FB}.Release|Any CPU.ActiveCfg = Release|Any CPU
		{6FC27DD2-9371-40D4-A07A-7FDBC1B599FB}.Release|Any CPU.Build.0 = Release|Any CPU
		{D2E0794B-EC6E-465C-9FA5-A5433A7CAADC}.Debug|Any CPU.ActiveCfg = Debug|Any CPU
		{D2E0794B-EC6E-465C-9FA5-A5433A7CAADC}.Debug|Any CPU.Build.0 = Debug|Any CPU
		{D2E0794B-EC6E-465C-9FA5-A5433A7CAADC}.Release|Any CPU.ActiveCfg = Release|Any CPU
		{D2E0794B-EC6E-465C-9FA5-A5433A7CAADC}.Release|Any CPU.Build.0 = Release|Any CPU
	EndGlobalSection
	GlobalSection(SolutionProperties) = preSolution
		HideSolutionNode = FALSE
	EndGlobalSection
	GlobalSection(ExtensibilityGlobals) = postSolution
		SolutionGuid = {2275EB7D-DEDA-4F39-B712-2E43D6A94CC4}
	EndGlobalSection
EndGlobal
